github.com/fhs/gompd/v2 v2.3.0 h1:wuruUjmOODRlJhrYx73rJnzS7vTSXSU7pWmZtM3VPE0=
github.com/fhs/gompd/v2 v2.3.0/go.mod h1:nNdZtcpD5VpmzZbRl5rV6RhxeMmAWTxEsSIMBkmMIy4=
github.com/google/uuid v1.1.1 h1:Gkbcsh/GbpXz7lPftLA3P6TYMwjCLYm83jiFQZF/3gY=
github.com/google/uuid v1.1.1/go.mod h1:TIyPZe4MgqvfeYDBFedMoGGpEw/LqOeaOT+nhxU+yHo=
github.com/rikkuness/discord-rpc v0.0.0-20250917191941-23d4e4280ce7 h1:0SXJgaiFPwjvSThbiCfTiht8iuDN69rFgf5EnDawSvA=
github.com/rikkuness/discord-rpc v0.0.0-20250917191941-23d4e4280ce7/go.mod h1:wo+UHP0QZchh9tT2yCQWKjuHmgfekd4MwI3gnm5c0IM=
gopkg.in/natefinch/npipe.v2 v2.0.0-20160621034901-c1b8fa8bdcce h1:+JknDZhAj8YMt7GC73Ei8pv4MzjDUNPHgQWJdtMAaDU=
gopkg.in/natefinch/npipe.v2 v2.0.0-20160621034901-c1b8fa8bdcce/go.mod h1:5AcXVHNjg+BDxry382+8OKon8SEWiKktQR07RKPsv1c=
